{
  "name": "Yiski4",
  "lockfileVersion": 2,
  "requires": true,
  "packages": {
    "": {
      "dependencies": {
        "os-utils": "^0.0.14",
        "systeminformation": "^5.8.0"
      }
    },
    "node_modules/os-utils": {
      "version": "0.0.14",
      "resolved": "https://registry.npmjs.org/os-utils/-/os-utils-0.0.14.tgz",
      "integrity": "sha1-KeURaXsZgrjGJ3Ihdf45eX72QVY=",
      "engines": {
        "node": "*"
      }
    },
    "node_modules/systeminformation": {
      "version": "5.8.0",
      "resolved": "https://registry.npmjs.org/systeminformation/-/systeminformation-5.8.0.tgz",
      "integrity": "sha512-l4drbK2PtNynGKblaShY9hDLW/gg1zxUq2+Yk4gTyd6a2JUvFyTGP8PhHV9iOh+MzS25PQa8W1t0kvcIvr9n7Q==",
      "os": [
        "darwin",
        "linux",
        "win32",
        "freebsd",
        "openbsd",
        "netbsd",
        "sunos"
      ],
      "bin": {
        "systeminformation": "lib/cli.js"
      },
      "engines": {
        "node": ">=4.0.0"
      },
      "funding": {
        "type": "Buy me a coffee",
        "url": "https://www.buymeacoffee.com/systeminfo"
      }
    }
  },
  "dependencies": {
    "os-utils": {
      "version": "0.0.14",
      "resolved": "https://registry.npmjs.org/os-utils/-/os-utils-0.0.14.tgz",
      "integrity": "sha1-KeURaXsZgrjGJ3Ihdf45eX72QVY="
    },
    "systeminformation": {
      "version": "5.8.0",
      "resolved": "https://registry.npmjs.org/systeminformation/-/systeminformation-5.8.0.tgz",
      "integrity": "sha512-l4drbK2PtNynGKblaShY9hDLW/gg1zxUq2+Yk4gTyd6a2JUvFyTGP8PhHV9iOh+MzS25PQa8W1t0kvcIvr9n7Q=="
    }
  }
}
