
Microsoft Visual Studio Solution File, Format Version 12.00
Project("{FAE04EC0-301F-11D3-BF4B-00C04F79EFBC}") = "Yiski4", "Yiski4\Yiski4.csproj", "{28849F5B-E5F9-4040-9E41-BE94A01438C7}"
EndProject
Global
	GlobalSection(SolutionConfigurationPlatforms) = preSolution
		Debug|Any CPU = Debug|Any CPU
		Release|Any CPU = Release|Any CPU
	EndGlobalSection
	GlobalSection(ProjectConfigurationPlatforms) = postSolution
		{28849F5B-E5F9-4040-9E41-BE94A01438C7}.Debug|Any CPU.ActiveCfg = Debug|Any CPU
		{28849F5B-E5F9-4040-9E41-BE94A01438C7}.Debug|Any CPU.Build.0 = Debug|Any CPU
		{28849F5B-E5F9-4040-9E41-BE94A01438C7}.Release|Any CPU.ActiveCfg = Release|Any CPU
		{28849F5B-E5F9-4040-9E41-BE94A01438C7}.Release|Any CPU.Build.0 = Release|Any CPU
	EndGlobalSection
EndGlobal
